
Microsoft Visual Studio Solution File, Format Version 12.00
# Visual Studio Version 16
VisualStudioVersion = 16.0.29201.188
MinimumVisualStudioVersion = 10.0.40219.1
Project("{FAE04EC0-301F-11D3-BF4B-00C04F79EFBC}") = "WAL", "WAL.csproj", "{20B5FA8E-4E19-4B39-8694-96F84B5D8A4D}"
EndProject
Global
	GlobalSection(SolutionConfigurationPlatforms) = preSolution
		Debug|Any CPU = Debug|Any CPU
		Release|Any CPU = Release|Any CPU
	EndGlobalSection
	GlobalSection(ProjectConfigurationPlatforms) = postSolution
		{20B5FA8E-4E19-4B39-8694-96F84B5D8A4D}.Debug|Any CPU.ActiveCfg = Debug|Any CPU
		{20B5FA8E-4E19-4B39-8694-96F84B5D8A4D}.Debug|Any CPU.Build.0 = Debug|Any CPU
		{20B5FA8E-4E19-4B39-8694-96F84B5D8A4D}.Release|Any CPU.ActiveCfg = Release|Any CPU
		{20B5FA8E-4E19-4B39-8694-96F84B5D8A4D}.Release|Any CPU.Build.0 = Release|Any CPU
	EndGlobalSection
	GlobalSection(SolutionProperties) = preSolution
		HideSolutionNode = FALSE
	EndGlobalSection
	GlobalSection(ExtensibilityGlobals) = postSolution
		SolutionGuid = {5B1B4249-87BC-4AE6-8F78-8B24678EB03E}
	EndGlobalSection
EndGlobal
